{
  "name": "KingdomCreator",
  "version": "2.0.0",
  "lockfileVersion": 1,
  "requires": true,
  "dependencies": {
    "@types/jquery": {
      "version": "3.3.30",
      "resolved": "https://registry.npmjs.org/@types/jquery/-/jquery-3.3.30.tgz",
      "integrity": "sha512-chB+QbLulamShZAFcTJtl8opZwHFBpDOP6nRLrPGkhC6N1aKWrDXg2Nc71tEg6ny6E8SQpRwbWSi9GdstH5VJA==",
      "requires": {
        "@types/sizzle": "*"
      }
    },
    "@types/knockout": {
      "version": "3.4.66",
      "resolved": "https://registry.npmjs.org/@types/knockout/-/knockout-3.4.66.tgz",
      "integrity": "sha512-UNmyr4mM/y/AvQ6eQmd9v+9/QDZUxiudFb6U/sqIvKlQtAiUO5RM52YRP88CQzYOztxWw0t1feeFIKN3R4Q2Ow=="
    },
    "@types/sizzle": {
      "version": "2.3.2",
      "resolved": "https://registry.npmjs.org/@types/sizzle/-/sizzle-2.3.2.tgz",
      "integrity": "sha512-7EJYyKTL7tFR8+gDbB6Wwz/arpGa0Mywk1TJbNzKzHtzbwVmY4HR9WqS5VV7dsBUKQmPNr192jHr/VpBluj/hg=="
    },
    "accepts": {
      "version": "1.3.3",
      "resolved": "https://registry.npmjs.org/accepts/-/accepts-1.3.3.tgz",
      "integrity": "sha1-w8p0NJOGSMPg2cHjKN1otiLChMo=",
      "requires": {
        "mime-types": "~2.1.11",
        "negotiator": "0.6.1"
      }
    },
    "acorn": {
      "version": "3.3.0",
      "resolved": "https://registry.npmjs.org/acorn/-/acorn-3.3.0.tgz",
      "integrity": "sha1-ReN/s56No/JbruP/U2niu18iAXo="
    },
    "acorn-globals": {
      "version": "3.0.0",
      "resolved": "https://registry.npmjs.org/acorn-globals/-/acorn-globals-3.0.0.tgz",
      "integrity": "sha1-GmTdj6dhKIWUYgZJUm4mJZF6VsY=",
      "requires": {
        "acorn": "^3.1.0"
      }
    },
    "align-text": {
      "version": "0.1.4",
      "resolved": "https://registry.npmjs.org/align-text/-/align-text-0.1.4.tgz",
      "integrity": "sha1-DNkKVhCT810KmSVsIrcGlDP60Rc=",
      "requires": {
        "kind-of": "^3.0.2",
        "longest": "^1.0.1",
        "repeat-string": "^1.5.2"
      }
    },
    "amdefine": {
      "version": "1.0.1",
      "resolved": "https://registry.npmjs.org/amdefine/-/amdefine-1.0.1.tgz",
      "integrity": "sha1-SlKCrBZHKek2Gbz9OtFR+BfOkfU="
    },
    "ansi-regex": {
      "version": "2.0.0",
      "resolved": "https://registry.npmjs.org/ansi-regex/-/ansi-regex-2.0.0.tgz",
      "integrity": "sha1-xQYbbg74qBd15Q9dZhUb9r83EQc="
    },
    "ansi-styles": {
      "version": "2.2.1",
      "resolved": "https://registry.npmjs.org/ansi-styles/-/ansi-styles-2.2.1.tgz",
      "integrity": "sha1-tDLdM1i2NM914eRmQ2gkBTPB3b4="
    },
    "argparse": {
      "version": "0.1.15",
      "resolved": "https://registry.npmjs.org/argparse/-/argparse-0.1.15.tgz",
      "integrity": "sha1-KKH3LEMRPnYyIOVwhBQwHIhA8KE=",
      "requires": {
        "underscore": "~1.4.3",
        "underscore.string": "~2.3.1"
      }
    },
    "asap": {
      "version": "2.0.5",
      "resolved": "https://registry.npmjs.org/asap/-/asap-2.0.5.tgz",
      "integrity": "sha1-UidltQw1EEkOUtfc/ghe+bqWlY8="
    },
    "async": {
      "version": "0.2.10",
      "resolved": "https://registry.npmjs.org/async/-/async-0.2.10.tgz",
      "integrity": "sha1-trvgsGdLnXGXCMo43owjfLUmw9E="
    },
    "balanced-match": {
      "version": "0.4.2",
      "resolved": "https://registry.npmjs.org/balanced-match/-/balanced-match-0.4.2.tgz",
      "integrity": "sha1-yz8+PHMtwPAe5wtAPzAuYddwmDg="
    },
    "brace-expansion": {
      "version": "1.1.6",
      "resolved": "https://registry.npmjs.org/brace-expansion/-/brace-expansion-1.1.6.tgz",
      "integrity": "sha1-cZfX6qm4fmSDkOph/GbIRCdCDfk=",
      "requires": {
        "balanced-match": "^0.4.1",
        "concat-map": "0.0.1"
      }
    },
    "buffer-crc32": {
      "version": "0.1.1",
      "resolved": "https://registry.npmjs.org/buffer-crc32/-/buffer-crc32-0.1.1.tgz",
      "integrity": "sha1-fhENyZU5CKt8MqzccMn5RbHLxSY="
    },
    "bytes": {
      "version": "2.3.0",
      "resolved": "https://registry.npmjs.org/bytes/-/bytes-2.3.0.tgz",
      "integrity": "sha1-1baAoWW2IBc5rLYRVCqrwtjOsHA="
    },
    "camelcase": {
      "version": "1.2.1",
      "resolved": "https://registry.npmjs.org/camelcase/-/camelcase-1.2.1.tgz",
      "integrity": "sha1-m7UwTS4LVmmLLHWLCKPqqdqlijk="
    },
    "center-align": {
      "version": "0.1.3",
      "resolved": "https://registry.npmjs.org/center-align/-/center-align-0.1.3.tgz",
      "integrity": "sha1-qg0yYptu6XIgBBHL1EYckHvCt60=",
      "requires": {
        "align-text": "^0.1.3",
        "lazy-cache": "^1.0.3"
      }
    },
    "chalk": {
      "version": "1.1.3",
      "resolved": "https://registry.npmjs.org/chalk/-/chalk-1.1.3.tgz",
      "integrity": "sha1-qBFcVeSnAv5NFQq9OHKCKn4J/Jg=",
      "requires": {
        "ansi-styles": "^2.2.1",
        "escape-string-regexp": "^1.0.2",
        "has-ansi": "^2.0.0",
        "strip-ansi": "^3.0.0",
        "supports-color": "^2.0.0"
      },
      "dependencies": {
        "supports-color": {
          "version": "2.0.0",
          "resolved": "https://registry.npmjs.org/supports-color/-/supports-color-2.0.0.tgz",
          "integrity": "sha1-U10EXOa2Nj+kARcIRimZXp3zJMc="
        }
      }
    },
    "character-parser": {
      "version": "2.2.0",
      "resolved": "https://registry.npmjs.org/character-parser/-/character-parser-2.2.0.tgz",
      "integrity": "sha1-x84o821LzZdE5f/CxfzeHHMmH8A=",
      "requires": {
        "is-regex": "^1.0.3"
      }
    },
    "clean-css": {
      "version": "3.4.20",
      "resolved": "https://registry.npmjs.org/clean-css/-/clean-css-3.4.20.tgz",
      "integrity": "sha1-wNiWO1RI4DDwvNPd0NrE3+PepQE=",
      "requires": {
        "commander": "2.8.x",
        "source-map": "0.4.x"
      },
      "dependencies": {
        "commander": {
          "version": "2.8.1",
          "resolved": "https://registry.npmjs.org/commander/-/commander-2.8.1.tgz",
          "integrity": "sha1-Br42f+v9oMMwqh4qBy09yXYkJdQ=",
          "requires": {
            "graceful-readlink": ">= 1.0.0"
          }
        },
        "source-map": {
          "version": "0.4.4",
          "resolved": "https://registry.npmjs.org/source-map/-/source-map-0.4.4.tgz",
          "integrity": "sha1-66T12pwNyZneaAMti092FzZSA2s=",
          "requires": {
            "amdefine": ">=0.0.4"
          }
        }
      }
    },
    "cliui": {
      "version": "2.1.0",
      "resolved": "https://registry.npmjs.org/cliui/-/cliui-2.1.0.tgz",
      "integrity": "sha1-S0dXYP+AJkx2LDoXGQMukcf+oNE=",
      "requires": {
        "center-align": "^0.1.1",
        "right-align": "^0.1.1",
        "wordwrap": "0.0.2"
      },
      "dependencies": {
        "wordwrap": {
          "version": "0.0.2",
          "resolved": "https://registry.npmjs.org/wordwrap/-/wordwrap-0.0.2.tgz",
          "integrity": "sha1-t5Zpu0LstAn4PVg8rVLKF+qhZD8="
        }
      }
    },
    "coffee-script": {
      "version": "1.11.1",
      "resolved": "https://registry.npmjs.org/coffee-script/-/coffee-script-1.11.1.tgz",
      "integrity": "sha1-vxxHrWREOg2V0S3ysUfMCk2q1uk="
    },
    "commander": {
      "version": "0.6.1",
      "resolved": "https://registry.npmjs.org/commander/-/commander-0.6.1.tgz",
      "integrity": "sha1-+mihT2qUXVTbvlDYzbMyDp47GgY="
    },
    "compressible": {
      "version": "2.0.9",
      "resolved": "https://registry.npmjs.org/compressible/-/compressible-2.0.9.tgz",
      "integrity": "sha1-baq04rWZwncN2eIeeokbHFp1VCU=",
      "requires": {
        "mime-db": ">= 1.24.0 < 2"
      }
    },
    "compression": {
      "version": "1.6.2",
      "resolved": "https://registry.npmjs.org/compression/-/compression-1.6.2.tgz",
      "integrity": "sha1-zOsSHsydCcUtetDDNQ6pPd1AK8M=",
      "requires": {
        "accepts": "~1.3.3",
        "bytes": "2.3.0",
        "compressible": "~2.0.8",
        "debug": "~2.2.0",
        "on-headers": "~1.0.1",
        "vary": "~1.1.0"
      }
    },
    "concat-map": {
      "version": "0.0.1",
      "resolved": "https://registry.npmjs.org/concat-map/-/concat-map-0.0.1.tgz",
      "integrity": "sha1-2Klr13/Wjfd5OnMDajug1UBdR3s="
    },
    "connect": {
      "version": "2.7.2",
      "resolved": "https://registry.npmjs.org/connect/-/connect-2.7.2.tgz",
      "integrity": "sha1-EXmUY72qr5nV+b7xM78kILJuJoA=",
      "requires": {
        "buffer-crc32": "0.1.1",
        "bytes": "0.1.0",
        "cookie": "0.0.5",
        "cookie-signature": "0.0.1",
        "debug": "*",
        "formidable": "1.0.11",
        "fresh": "0.1.0",
        "pause": "0.0.1",
        "qs": "0.5.1",
        "send": "0.1.0"
      },
      "dependencies": {
        "bytes": {
          "version": "0.1.0",
          "resolved": "https://registry.npmjs.org/bytes/-/bytes-0.1.0.tgz",
          "integrity": "sha1-xXSBIigSbWNp0VdpJahXnbP45aI="
        }
      }
    },
    "connect-assets": {
      "version": "3.0.2",
      "resolved": "https://registry.npmjs.org/connect-assets/-/connect-assets-3.0.2.tgz",
      "integrity": "sha1-l+ja5PJKVlq7hRtQZnuea5b3fVw=",
      "requires": {
        "argparse": "0.1.15",
        "csso": "1.3.1",
        "mincer": "0.5.10",
        "uglify-js": "2.4.13"
      },
      "dependencies": {
        "uglify-js": {
          "version": "2.4.13",
          "resolved": "https://registry.npmjs.org/uglify-js/-/uglify-js-2.4.13.tgz",
          "integrity": "sha1-GN68nm7Pwg2xpeoDX4OdQ2pgWro=",
          "requires": {
            "async": "~0.2.6",
            "optimist": "~0.3.5",
            "source-map": "~0.1.33",
            "uglify-to-browserify": "~1.0.0"
          }
        }
      }
    },
    "constantinople": {
      "version": "3.1.0",
      "resolved": "https://registry.npmjs.org/constantinople/-/constantinople-3.1.0.tgz",
      "integrity": "sha1-dWnKqKo/jVk11i4fqW+fcCzYHHk=",
      "requires": {
        "acorn": "^3.1.0",
        "is-expression": "^2.0.1"
      }
    },
    "cookie": {
      "version": "0.0.5",
      "resolved": "https://registry.npmjs.org/cookie/-/cookie-0.0.5.tgz",
      "integrity": "sha1-+az521frdWjJ/MWWJWt7si4wfIE="
    },
    "cookie-signature": {
      "version": "0.0.1",
      "resolved": "https://registry.npmjs.org/cookie-signature/-/cookie-signature-0.0.1.tgz",
      "integrity": "sha1-E9NgO1z2O++/haiAHjeqkA20aYU="
    },
    "css-parse": {
      "version": "1.7.0",
      "resolved": "https://registry.npmjs.org/css-parse/-/css-parse-1.7.0.tgz",
      "integrity": "sha1-Mh9s9zeCpv91ERE5D8BeLGV9jJs="
    },
    "csso": {
      "version": "1.3.1",
      "resolved": "https://registry.npmjs.org/csso/-/csso-1.3.1.tgz",
      "integrity": "sha1-CFQe6V6CM6Z4CMjvVGxXLceaP/E="
    },
    "csswring": {
      "version": "5.1.0",
      "resolved": "https://registry.npmjs.org/csswring/-/csswring-5.1.0.tgz",
      "integrity": "sha1-jZ+XC0vRwB5MyxiIMdmEdOyt7cQ=",
      "requires": {
        "minimist": "^1.1.0",
        "onecolor": "^3.0.4",
        "postcss": "^5.0.0"
      }
    },
    "debug": {
      "version": "2.2.0",
      "resolved": "https://registry.npmjs.org/debug/-/debug-2.2.0.tgz",
      "integrity": "sha1-+HBX6ZWxofauaklgZkE3vFbwOdo=",
      "requires": {
        "ms": "0.7.1"
      }
    },
    "decamelize": {
      "version": "1.2.0",
      "resolved": "https://registry.npmjs.org/decamelize/-/decamelize-1.2.0.tgz",
      "integrity": "sha1-9lNNFRSCabIDUue+4m9QH5oZEpA="
    },
    "doctypes": {
      "version": "1.1.0",
      "resolved": "https://registry.npmjs.org/doctypes/-/doctypes-1.1.0.tgz",
      "integrity": "sha1-6oCxBqh1OHdOijpKWv4pPeSJ4Kk="
    },
    "escape-string-regexp": {
      "version": "1.0.5",
      "resolved": "https://registry.npmjs.org/escape-string-regexp/-/escape-string-regexp-1.0.5.tgz",
      "integrity": "sha1-G2HAViGQqN/2rjuyzwIAyhMLhtQ="
    },
    "esprima": {
      "version": "2.7.3",
      "resolved": "https://registry.npmjs.org/esprima/-/esprima-2.7.3.tgz",
      "integrity": "sha1-luO3DVd59q1JzQMmc9HDEnZ7pYE="
    },
    "express": {
      "version": "3.0.6",
      "resolved": "https://registry.npmjs.org/express/-/express-3.0.6.tgz",
      "integrity": "sha1-0nT8uGi5V4i/SvYhaNddE/132LQ=",
      "requires": {
        "buffer-crc32": "0.1.1",
        "commander": "0.6.1",
        "connect": "2.7.2",
        "cookie": "0.0.5",
        "cookie-signature": "0.0.1",
        "debug": "*",
        "fresh": "0.1.0",
        "methods": "0.0.1",
        "mkdirp": "0.3.3",
        "range-parser": "0.0.4",
        "send": "0.1.0"
      }
    },
    "formidable": {
      "version": "1.0.11",
      "resolved": "https://registry.npmjs.org/formidable/-/formidable-1.0.11.tgz",
      "integrity": "sha1-aPYzJaA15kS297s9ESQ7l2HeGzA="
    },
    "fresh": {
      "version": "0.1.0",
      "resolved": "https://registry.npmjs.org/fresh/-/fresh-0.1.0.tgz",
      "integrity": "sha1-A+SwF4Qk5MLV0ZpU2IFM3JeTSFA="
    },
    "fs-tools": {
      "version": "0.2.11",
      "resolved": "https://registry.npmjs.org/fs-tools/-/fs-tools-0.2.11.tgz",
      "integrity": "sha1-ZKYzkRn42mh75NH9vaN+4PiOZEw=",
      "requires": {
        "async": "~ 0.2.9",
        "lodash": "~ 2.4.1"
      },
      "dependencies": {
        "lodash": {
          "version": "2.4.2",
          "resolved": "https://registry.npmjs.org/lodash/-/lodash-2.4.2.tgz",
          "integrity": "sha1-+t2DS5aDBz2hebPq5tnA0VBT9z4="
        }
      }
    },
    "fs.realpath": {
      "version": "1.0.0",
      "resolved": "https://registry.npmjs.org/fs.realpath/-/fs.realpath-1.0.0.tgz",
      "integrity": "sha1-FQStJSMVjKpA20onh8sBQRmU6k8="
    },
    "glob": {
      "version": "7.0.6",
      "resolved": "https://registry.npmjs.org/glob/-/glob-7.0.6.tgz",
      "integrity": "sha1-IRuvr0nlJbjNkyYNFKsTYVKz9Xo=",
      "requires": {
        "fs.realpath": "^1.0.0",
        "inflight": "^1.0.4",
        "inherits": "2",
        "minimatch": "^3.0.2",
        "once": "^1.3.0",
        "path-is-absolute": "^1.0.0"
      }
    },
    "graceful-readlink": {
      "version": "1.0.1",
      "resolved": "https://registry.npmjs.org/graceful-readlink/-/graceful-readlink-1.0.1.tgz",
      "integrity": "sha1-TK+tdrxi8C+gObL5Tpo906ORpyU="
    },
    "has-ansi": {
      "version": "2.0.0",
      "resolved": "https://registry.npmjs.org/has-ansi/-/has-ansi-2.0.0.tgz",
      "integrity": "sha1-NPUEnOHs3ysGSa8+8k5F7TVBbZE=",
      "requires": {
        "ansi-regex": "^2.0.0"
      }
    },
    "has-flag": {
      "version": "1.0.0",
      "resolved": "https://registry.npmjs.org/has-flag/-/has-flag-1.0.0.tgz",
      "integrity": "sha1-nZ55MWXOAXoA8AQYxD+UKnsdEfo="
    },
    "hike": {
      "version": "0.1.4",
      "resolved": "https://registry.npmjs.org/hike/-/hike-0.1.4.tgz",
      "integrity": "sha1-06/Q4JIHnHsLLjw38uLJTqLGb14=",
      "requires": {
        "lodash": "~ 2.4.1"
      },
      "dependencies": {
        "lodash": {
          "version": "2.4.2",
          "resolved": "https://registry.npmjs.org/lodash/-/lodash-2.4.2.tgz",
          "integrity": "sha1-+t2DS5aDBz2hebPq5tnA0VBT9z4="
        }
      }
    },
    "inflight": {
      "version": "1.0.6",
      "resolved": "https://registry.npmjs.org/inflight/-/inflight-1.0.6.tgz",
      "integrity": "sha1-Sb1jMdfQLQwJvJEKEHW6gWW1bfk=",
      "requires": {
        "once": "^1.3.0",
        "wrappy": "1"
      }
    },
    "inherits": {
      "version": "2.0.3",
      "resolved": "https://registry.npmjs.org/inherits/-/inherits-2.0.3.tgz",
      "integrity": "sha1-Yzwsg+PaQqUC9SRmAiSA9CCCYd4="
    },
    "is-buffer": {
      "version": "1.1.4",
      "resolved": "https://registry.npmjs.org/is-buffer/-/is-buffer-1.1.4.tgz",
      "integrity": "sha1-z8hszV3FpS+oBIkRHGkgxFfi2Ys="
    },
    "is-expression": {
      "version": "2.1.0",
      "resolved": "https://registry.npmjs.org/is-expression/-/is-expression-2.1.0.tgz",
      "integrity": "sha1-kb6dR968/vB3l36XIr5tz7RGXvA=",
      "requires": {
        "acorn": "~3.3.0",
        "object-assign": "^4.0.1"
      }
    },
    "is-promise": {
      "version": "2.1.0",
      "resolved": "https://registry.npmjs.org/is-promise/-/is-promise-2.1.0.tgz",
      "integrity": "sha1-eaKp7OfwlugPNtKy87wWwf9L8/o="
    },
    "is-regex": {
      "version": "1.0.3",
      "resolved": "https://registry.npmjs.org/is-regex/-/is-regex-1.0.3.tgz",
      "integrity": "sha1-DVUYK9358v3ieCIK7Dp1ZCyQhjc="
    },
    "js-base64": {
      "version": "2.1.9",
      "resolved": "https://registry.npmjs.org/js-base64/-/js-base64-2.1.9.tgz",
      "integrity": "sha1-8OgK4DmkvWVLXygfyT8EqRSn/M4="
    },
    "js-stringify": {
      "version": "1.0.2",
      "resolved": "https://registry.npmjs.org/js-stringify/-/js-stringify-1.0.2.tgz",
      "integrity": "sha1-Fzb939lyTyijaCrcYjCufk6Weds="
    },
    "js-yaml": {
      "version": "3.6.1",
      "resolved": "https://registry.npmjs.org/js-yaml/-/js-yaml-3.6.1.tgz",
      "integrity": "sha1-bl/mfYsgXOTSL60Ft3geja3MSzA=",
      "requires": {
        "argparse": "^1.0.7",
        "esprima": "^2.6.0"
      },
      "dependencies": {
        "argparse": {
          "version": "1.0.9",
          "resolved": "https://registry.npmjs.org/argparse/-/argparse-1.0.9.tgz",
          "integrity": "sha1-c9g7wmP4bpf4zE9rrhsOkKfSLIY=",
          "requires": {
            "sprintf-js": "~1.0.2"
          }
        }
      }
    },
    "jstransformer": {
      "version": "0.0.3",
      "resolved": "https://registry.npmjs.org/jstransformer/-/jstransformer-0.0.3.tgz",
      "integrity": "sha1-NHSVvT/hz+jwPi1xV4rLkCSCbPU=",
      "requires": {
        "is-promise": "^2.0.0",
        "promise": "^7.0.1"
      }
    },
    "kind-of": {
      "version": "3.0.4",
      "resolved": "https://registry.npmjs.org/kind-of/-/kind-of-3.0.4.tgz",
      "integrity": "sha1-e47PGKThf4Jp1ztQHJ8jLJaIenQ=",
      "requires": {
        "is-buffer": "^1.0.2"
      }
    },
    "lazy-cache": {
      "version": "1.0.4",
      "resolved": "https://registry.npmjs.org/lazy-cache/-/lazy-cache-1.0.4.tgz",
      "integrity": "sha1-odePw6UEdMuAhF07O24dpJpEbo4="
    },
    "lodash": {
      "version": "1.3.1",
      "resolved": "https://registry.npmjs.org/lodash/-/lodash-1.3.1.tgz",
      "integrity": "sha1-pGY7U2hriV/wdOK6UE37dqjit3A="
    },
    "longest": {
      "version": "1.0.1",
      "resolved": "https://registry.npmjs.org/longest/-/longest-1.0.1.tgz",
      "integrity": "sha1-MKCy2jj3N3DoKUoNIuZiXtd9AJc="
    },
    "methods": {
      "version": "0.0.1",
      "resolved": "https://registry.npmjs.org/methods/-/methods-0.0.1.tgz",
      "integrity": "sha1-J3yQ+L7zlwlkWoNxxRw7bGSOBow="
    },
    "mime": {
      "version": "1.2.6",
      "resolved": "https://registry.npmjs.org/mime/-/mime-1.2.6.tgz",
      "integrity": "sha1-sfhsdowCX6h7SAdfFwnyiuryA2U="
    },
    "mime-db": {
      "version": "1.24.0",
      "resolved": "https://registry.npmjs.org/mime-db/-/mime-db-1.24.0.tgz",
      "integrity": "sha1-4tE/k58AFsbk6a0lqGUvEmxGfww="
    },
    "mime-types": {
      "version": "2.1.12",
      "resolved": "https://registry.npmjs.org/mime-types/-/mime-types-2.1.12.tgz",
      "integrity": "sha1-FSuiVndwIN1GY/VMLnvCY4HnFyk=",
      "requires": {
        "mime-db": "~1.24.0"
      }
    },
    "mimoza": {
      "version": "0.1.1",
      "resolved": "https://registry.npmjs.org/mimoza/-/mimoza-0.1.1.tgz",
      "integrity": "sha1-6cZuKhW71B9ez5wWfmIiSB7LRy4="
    },
    "mincer": {
      "version": "0.5.10",
      "resolved": "https://registry.npmjs.org/mincer/-/mincer-0.5.10.tgz",
      "integrity": "sha1-Wyy4FTzRldOF0/A2UltbBifybuI=",
      "requires": {
        "argparse": "~ 0.1.15",
        "async": "~ 0.2.9",
        "fs-tools": "~ 0.2.10",
        "hike": "~ 0.1.1",
        "lodash": "~ 1.3.1",
        "mimoza": "~ 0.1.1",
        "shellwords": "~ 0.1.0"
      }
    },
    "minimatch": {
      "version": "3.0.3",
      "resolved": "https://registry.npmjs.org/minimatch/-/minimatch-3.0.3.tgz",
      "integrity": "sha1-Kk5AkLlrLbBqnX3wEFWmKnfJt3Q=",
      "requires": {
        "brace-expansion": "^1.0.0"
      }
    },
    "minimist": {
      "version": "1.2.0",
      "resolved": "https://registry.npmjs.org/minimist/-/minimist-1.2.0.tgz",
      "integrity": "sha1-o1AIsg9BOD7sH7kU9M1d95omQoQ="
    },
    "mkdirp": {
      "version": "0.3.3",
      "resolved": "https://registry.npmjs.org/mkdirp/-/mkdirp-0.3.3.tgz",
      "integrity": "sha1-WV4lHBNww6aLqyE20ONIuBBa3xM="
    },
    "ms": {
      "version": "0.7.1",
      "resolved": "https://registry.npmjs.org/ms/-/ms-0.7.1.tgz",
      "integrity": "sha1-nNE8A62/8ltl7/3nzoZO6VIBcJg="
    },
    "negotiator": {
      "version": "0.6.1",
      "resolved": "https://registry.npmjs.org/negotiator/-/negotiator-0.6.1.tgz",
      "integrity": "sha1-KzJxhOiZIQEXeyhWP7XnECrNDKk="
    },
    "object-assign": {
      "version": "4.1.0",
      "resolved": "https://registry.npmjs.org/object-assign/-/object-assign-4.1.0.tgz",
      "integrity": "sha1-ejs9DpgGPUP0wD8uiubNUahog6A="
    },
    "on-headers": {
      "version": "1.0.1",
      "resolved": "https://registry.npmjs.org/on-headers/-/on-headers-1.0.1.tgz",
      "integrity": "sha1-ko9dD0cNSTQmUepnlLCFfBAGk/c="
    },
    "once": {
      "version": "1.4.0",
      "resolved": "https://registry.npmjs.org/once/-/once-1.4.0.tgz",
      "integrity": "sha1-WDsap3WWHUsROsF9nFC6753Xa9E=",
      "requires": {
        "wrappy": "1"
      }
    },
    "onecolor": {
      "version": "3.0.4",
      "resolved": "https://registry.npmjs.org/onecolor/-/onecolor-3.0.4.tgz",
      "integrity": "sha1-daRvgNpseqpbTarhekcZi9llJJQ="
    },
    "optimist": {
      "version": "0.3.7",
      "resolved": "https://registry.npmjs.org/optimist/-/optimist-0.3.7.tgz",
      "integrity": "sha1-yQlBrVnkJzMokjB00s8ufLxuwNk=",
      "requires": {
        "wordwrap": "~0.0.2"
      }
    },
    "path-is-absolute": {
      "version": "1.0.1",
      "resolved": "https://registry.npmjs.org/path-is-absolute/-/path-is-absolute-1.0.1.tgz",
      "integrity": "sha1-F0uSaHNVNP+8es5r9TpanhtcX18="
    },
    "pause": {
      "version": "0.0.1",
      "resolved": "https://registry.npmjs.org/pause/-/pause-0.0.1.tgz",
      "integrity": "sha1-HUCLP9t2kjuVQ9lvtMnf1TXZy10="
    },
    "postcss": {
      "version": "5.2.5",
      "resolved": "https://registry.npmjs.org/postcss/-/postcss-5.2.5.tgz",
      "integrity": "sha1-7EKMJ9/8f6xllhNAqbAi+kr18FY=",
      "requires": {
        "chalk": "^1.1.3",
        "js-base64": "^2.1.9",
        "source-map": "^0.5.6",
        "supports-color": "^3.1.2"
      },
      "dependencies": {
        "source-map": {
          "version": "0.5.6",
          "resolved": "https://registry.npmjs.org/source-map/-/source-map-0.5.6.tgz",
          "integrity": "sha1-dc449SvwczxafwwRjYEzSiu19BI="
        }
      }
    },
    "promise": {
      "version": "7.1.1",
      "resolved": "https://registry.npmjs.org/promise/-/promise-7.1.1.tgz",
      "integrity": "sha1-SJZUxpJha4qlWwck+oCbt9tJxb8=",
      "requires": {
        "asap": "~2.0.3"
      }
    },
    "pug": {
      "version": "0.1.0",
      "resolved": "https://registry.npmjs.org/pug/-/pug-0.1.0.tgz",
      "integrity": "sha1-aVi/Mq1WN4sEjwGUmzgNRw2LXMk=",
      "requires": {
        "pug-code-gen": "0.0.0",
        "pug-filters": "1.1.0",
        "pug-lexer": "0.0.0",
        "pug-linker": "0.0.0",
        "pug-loader": "0.0.0",
        "pug-parser": "0.0.0",
        "pug-runtime": "0.0.0",
        "pug-strip-comments": "0.0.1"
      }
    },
    "pug-attrs": {
      "version": "0.0.0",
      "resolved": "https://registry.npmjs.org/pug-attrs/-/pug-attrs-0.0.0.tgz",
      "integrity": "sha1-n/6rML4XI9EUPxsJMUDIw0OcoMs=",
      "requires": {
        "constantinople": "^3.0.1",
        "js-stringify": "^1.0.1",
        "pug-runtime": "^0.0.0"
      }
    },
    "pug-code-gen": {
      "version": "0.0.0",
      "resolved": "https://registry.npmjs.org/pug-code-gen/-/pug-code-gen-0.0.0.tgz",
      "integrity": "sha1-pP/A9mI1u42MqW2rUDIF/rXTxYQ=",
      "requires": {
        "constantinople": "^3.0.1",
        "doctypes": "^1.0.0",
        "js-stringify": "^1.0.1",
        "pug-attrs": "^0.0.0",
        "pug-runtime": "^0.0.0",
        "void-elements": "^2.0.1",
        "with": "^5.0.0"
      }
    },
    "pug-error": {
      "version": "0.0.0",
      "resolved": "https://registry.npmjs.org/pug-error/-/pug-error-0.0.0.tgz",
      "integrity": "sha1-3SZKOcINZUh9+F/1ZjCXhioW23g="
    },
    "pug-filters": {
      "version": "1.1.0",
      "resolved": "https://registry.npmjs.org/pug-filters/-/pug-filters-1.1.0.tgz",
      "integrity": "sha1-wXtQoO1fxygjFMxBGwS/ZNLcnhM=",
      "requires": {
        "clean-css": "^3.3.0",
        "constantinople": "^3.0.1",
        "jstransformer": "0.0.3",
        "pug-error": "^0.0.0",
        "pug-walk": "^0.0.0",
        "resolve": "^1.1.6",
        "uglify-js": "^2.6.1"
      }
    },
    "pug-lexer": {
      "version": "0.0.0",
      "resolved": "https://registry.npmjs.org/pug-lexer/-/pug-lexer-0.0.0.tgz",
      "integrity": "sha1-ICJG6WZmlzCZIZthkEfwx19S+wY=",
      "requires": {
        "character-parser": "^2.1.1",
        "is-expression": "^1.0.0",
        "pug-error": "^0.0.0"
      },
      "dependencies": {
        "acorn": {
          "version": "2.7.0",
          "resolved": "https://registry.npmjs.org/acorn/-/acorn-2.7.0.tgz",
          "integrity": "sha1-q259nYhqrKiwhbwzEreaGYQz8Oc="
        },
        "is-expression": {
          "version": "1.0.2",
          "resolved": "https://registry.npmjs.org/is-expression/-/is-expression-1.0.2.tgz",
          "integrity": "sha1-o0W5Yhjp3yHmVRDDm03DYC/dP5Y=",
          "requires": {
            "acorn": "~2.7.0",
            "object-assign": "^4.0.1"
          }
        }
      }
    },
    "pug-linker": {
      "version": "0.0.0",
      "resolved": "https://registry.npmjs.org/pug-linker/-/pug-linker-0.0.0.tgz",
      "integrity": "sha1-jK42jokRaRpT5dAP7/OKnxdS534=",
      "requires": {
        "pug-error": "^0.0.0",
        "pug-walk": "^0.0.0"
      }
    },
    "pug-loader": {
      "version": "0.0.0",
      "resolved": "https://registry.npmjs.org/pug-loader/-/pug-loader-0.0.0.tgz",
      "integrity": "sha1-KZTMhV2wmKYqtRuX/BULwGq5Gb8=",
      "requires": {
        "pug-walk": "0.0.0"
      }
    },
    "pug-parser": {
      "version": "0.0.0",
      "resolved": "https://registry.npmjs.org/pug-parser/-/pug-parser-0.0.0.tgz",
      "integrity": "sha1-CIMeq9dTWQ1FVzJH5UasB8Tm5SM=",
      "requires": {
        "pug-error": "^0.0.0",
        "token-stream": "0.0.1"
      }
    },
    "pug-runtime": {
      "version": "0.0.0",
      "resolved": "https://registry.npmjs.org/pug-runtime/-/pug-runtime-0.0.0.tgz",
      "integrity": "sha1-+BBQlPeKyJPNsZdGp8sJFv1Bhpc="
    },
    "pug-strip-comments": {
      "version": "0.0.1",
      "resolved": "https://registry.npmjs.org/pug-strip-comments/-/pug-strip-comments-0.0.1.tgz",
      "integrity": "sha1-rDRrt3PYJJK/ki2uLUaBogzwY48=",
      "requires": {
        "pug-error": "^0.0.0"
      }
    },
    "pug-walk": {
      "version": "0.0.0",
      "resolved": "https://registry.npmjs.org/pug-walk/-/pug-walk-0.0.0.tgz",
      "integrity": "sha1-0W7ZQp5q5xaY/t7q7kc06oHs1So="
    },
    "qs": {
      "version": "0.5.1",
      "resolved": "https://registry.npmjs.org/qs/-/qs-0.5.1.tgz",
      "integrity": "sha1-n2v12axsdjhOldNtFbSJgOXkrdA="
    },
    "range-parser": {
      "version": "0.0.4",
      "resolved": "https://registry.npmjs.org/range-parser/-/range-parser-0.0.4.tgz",
      "integrity": "sha1-wEJ//vUcEKy6B4KkbJYC50T/Ygs="
    },
    "repeat-string": {
      "version": "1.6.1",
      "resolved": "https://registry.npmjs.org/repeat-string/-/repeat-string-1.6.1.tgz",
      "integrity": "sha1-jcrkcOHIirwtYA//Sndihtp15jc="
    },
    "resolve": {
      "version": "1.1.7",
      "resolved": "https://registry.npmjs.org/resolve/-/resolve-1.1.7.tgz",
      "integrity": "sha1-IDEU2CrSxe2ejgQRs5ModeiJ6Xs="
    },
    "right-align": {
      "version": "0.1.3",
      "resolved": "https://registry.npmjs.org/right-align/-/right-align-0.1.3.tgz",
      "integrity": "sha1-YTObci/mo1FWiSENJOFMlhSGE+8=",
      "requires": {
        "align-text": "^0.1.1"
      }
    },
    "sax": {
      "version": "0.5.8",
      "resolved": "https://registry.npmjs.org/sax/-/sax-0.5.8.tgz",
      "integrity": "sha1-1HLbIo6zMcJQaw6MFVJK25OdEsE="
    },
    "send": {
      "version": "0.1.0",
      "resolved": "https://registry.npmjs.org/send/-/send-0.1.0.tgz",
      "integrity": "sha1-z7COvTzsm3/Bo32f+eh1qXHPRkA=",
      "requires": {
        "debug": "*",
        "fresh": "0.1.0",
        "mime": "1.2.6",
        "range-parser": "0.0.4"
      }
    },
    "shellwords": {
      "version": "0.1.0",
      "resolved": "https://registry.npmjs.org/shellwords/-/shellwords-0.1.0.tgz",
      "integrity": "sha1-Zq/Ue2oSky2Qccv9mKUueFzQuhQ="
    },
    "source-map": {
      "version": "0.1.43",
      "resolved": "https://registry.npmjs.org/source-map/-/source-map-0.1.43.tgz",
      "integrity": "sha1-wkvBRspRfBRx9drL4lcbK3+eM0Y=",
      "requires": {
        "amdefine": ">=0.0.4"
      }
    },
    "sprintf-js": {
      "version": "1.0.3",
      "resolved": "https://registry.npmjs.org/sprintf-js/-/sprintf-js-1.0.3.tgz",
      "integrity": "sha1-BOaSb2YolTVPPdAVIDYzuFcpfiw="
    },
    "strip-ansi": {
      "version": "3.0.1",
      "resolved": "https://registry.npmjs.org/strip-ansi/-/strip-ansi-3.0.1.tgz",
      "integrity": "sha1-ajhfuIU9lS1f8F0Oiq+UJ43GPc8=",
      "requires": {
        "ansi-regex": "^2.0.0"
      }
    },
    "stylus": {
      "version": "0.54.5",
      "resolved": "https://registry.npmjs.org/stylus/-/stylus-0.54.5.tgz",
      "integrity": "sha1-QrlWCTHKcJDOhRWnmLqeaqPW3Hk=",
      "requires": {
        "css-parse": "1.7.x",
        "debug": "*",
        "glob": "7.0.x",
        "mkdirp": "0.5.x",
        "sax": "0.5.x",
        "source-map": "0.1.x"
      },
      "dependencies": {
        "minimist": {
          "version": "0.0.8",
          "resolved": "https://registry.npmjs.org/minimist/-/minimist-0.0.8.tgz",
          "integrity": "sha1-hX/Kv8M5fSYluCKCYuhqp6ARsF0="
        },
        "mkdirp": {
          "version": "0.5.1",
          "resolved": "https://registry.npmjs.org/mkdirp/-/mkdirp-0.5.1.tgz",
          "integrity": "sha1-MAV0OOrGz3+MR2fzhkjWaX11yQM=",
          "requires": {
            "minimist": "0.0.8"
          }
        }
      }
    },
    "supports-color": {
      "version": "3.1.2",
      "resolved": "https://registry.npmjs.org/supports-color/-/supports-color-3.1.2.tgz",
      "integrity": "sha1-cqJiiU2dQIuVbKBf83su2KbiotU=",
      "requires": {
        "has-flag": "^1.0.0"
      }
    },
    "token-stream": {
      "version": "0.0.1",
      "resolved": "https://registry.npmjs.org/token-stream/-/token-stream-0.0.1.tgz",
      "integrity": "sha1-zu78cXp2xDFvEm0LnbqlXX598Bo="
    },
    "uglify-js": {
      "version": "2.7.4",
      "resolved": "https://registry.npmjs.org/uglify-js/-/uglify-js-2.7.4.tgz",
      "integrity": "sha1-opWg3hK2plDAMcQN6w3ECxRWi9I=",
      "requires": {
        "async": "~0.2.6",
        "source-map": "~0.5.1",
        "uglify-to-browserify": "~1.0.0",
        "yargs": "~3.10.0"
      },
      "dependencies": {
        "source-map": {
          "version": "0.5.6",
          "resolved": "https://registry.npmjs.org/source-map/-/source-map-0.5.6.tgz",
          "integrity": "sha1-dc449SvwczxafwwRjYEzSiu19BI="
        }
      }
    },
    "uglify-to-browserify": {
      "version": "1.0.2",
      "resolved": "https://registry.npmjs.org/uglify-to-browserify/-/uglify-to-browserify-1.0.2.tgz",
      "integrity": "sha1-bgkk1r2mta/jSeOabWMoUKD4grc="
    },
    "underscore": {
      "version": "1.4.4",
      "resolved": "https://registry.npmjs.org/underscore/-/underscore-1.4.4.tgz",
      "integrity": "sha1-YaajIBBiKvoHljvzJSA88SI51gQ="
    },
    "underscore.string": {
      "version": "2.3.3",
      "resolved": "https://registry.npmjs.org/underscore.string/-/underscore.string-2.3.3.tgz",
      "integrity": "sha1-ccCL9rQosRM/N+ePo6Icgvcymw0="
    },
    "vary": {
      "version": "1.1.0",
      "resolved": "https://registry.npmjs.org/vary/-/vary-1.1.0.tgz",
      "integrity": "sha1-4eWv+70WrnaN0mdDlLmtMCJlMUA="
    },
    "void-elements": {
      "version": "2.0.1",
      "resolved": "https://registry.npmjs.org/void-elements/-/void-elements-2.0.1.tgz",
      "integrity": "sha1-wGavtYK7HLQSjWDqkjkulNXp2+w="
    },
    "window-size": {
      "version": "0.1.0",
      "resolved": "https://registry.npmjs.org/window-size/-/window-size-0.1.0.tgz",
      "integrity": "sha1-VDjNLqk7IC76Ohn+iIeu58lPnJ0="
    },
    "with": {
      "version": "5.1.1",
      "resolved": "https://registry.npmjs.org/with/-/with-5.1.1.tgz",
      "integrity": "sha1-+k2qktrzLE6pTtRTyB8EaGtXXf4=",
      "requires": {
        "acorn": "^3.1.0",
        "acorn-globals": "^3.0.0"
      }
    },
    "wordwrap": {
      "version": "0.0.3",
      "resolved": "https://registry.npmjs.org/wordwrap/-/wordwrap-0.0.3.tgz",
      "integrity": "sha1-o9XabNXAvAAI03I0u68b7WMFkQc="
    },
    "wrappy": {
      "version": "1.0.2",
      "resolved": "https://registry.npmjs.org/wrappy/-/wrappy-1.0.2.tgz",
      "integrity": "sha1-tSQ9jz7BqjXxNkYFvA0QNuMKtp8="
    },
    "yargs": {
      "version": "3.10.0",
      "resolved": "https://registry.npmjs.org/yargs/-/yargs-3.10.0.tgz",
      "integrity": "sha1-9+572FfdfB0tOMDnTvvWgdFDH9E=",
      "requires": {
        "camelcase": "^1.0.2",
        "cliui": "^2.1.0",
        "decamelize": "^1.0.0",
        "window-size": "0.1.0"
      }
    }
  }
}
